
Microsoft Visual Studio Solution File, Format Version 12.00
# Visual Studio 15
VisualStudioVersion = 15.0.28307.1525
MinimumVisualStudioVersion = 10.0.40219.1
Project("{FAE04EC0-301F-11D3-BF4B-00C04F79EFBC}") = "Bakici_TakipSistemi", "Bakici_TakipSistemi\Bakici_TakipSistemi.csproj", "{CC714540-204B-4485-8397-BFCA6F3D20E7}"
EndProject
Project("{FAE04EC0-301F-11D3-BF4B-00C04F79EFBC}") = "DAL", "DAL\DAL.csproj", "{50B226DE-21C3-4CEE-8913-8C0598D19A37}"
EndProject
Project("{FAE04EC0-301F-11D3-BF4B-00C04F79EFBC}") = "BLL", "BLL\BLL.csproj", "{1AB5FE42-FF59-4F3F-8832-084ED9A3CFDE}"
EndProject
Global
	GlobalSection(SolutionConfigurationPlatforms) = preSolution
		Debug|Any CPU = Debug|Any CPU
		Release|Any CPU = Release|Any CPU
	EndGlobalSection
	GlobalSection(ProjectConfigurationPlatforms) = postSolution
		{CC714540-204B-4485-8397-BFCA6F3D20E7}.Debug|Any CPU.ActiveCfg = Debug|Any CPU
		{CC714540-204B-4485-8397-BFCA6F3D20E7}.Debug|Any CPU.Build.0 = Debug|Any CPU
		{CC714540-204B-4485-8397-BFCA6F3D20E7}.Release|Any CPU.ActiveCfg = Release|Any CPU
		{CC714540-204B-4485-8397-BFCA6F3D20E7}.Release|Any CPU.Build.0 = Release|Any CPU
		{50B226DE-21C3-4CEE-8913-8C0598D19A37}.Debug|Any CPU.ActiveCfg = Debug|Any CPU
		{50B226DE-21C3-4CEE-8913-8C0598D19A37}.Debug|Any CPU.Build.0 = Debug|Any CPU
		{50B226DE-21C3-4CEE-8913-8C0598D19A37}.Release|Any CPU.ActiveCfg = Release|Any CPU
		{50B226DE-21C3-4CEE-8913-8C0598D19A37}.Release|Any CPU.Build.0 = Release|Any CPU
		{1AB5FE42-FF59-4F3F-8832-084ED9A3CFDE}.Debug|Any CPU.ActiveCfg = Debug|Any CPU
		{1AB5FE42-FF59-4F3F-8832-084ED9A3CFDE}.Debug|Any CPU.Build.0 = Debug|Any CPU
		{1AB5FE42-FF59-4F3F-8832-084ED9A3CFDE}.Release|Any CPU.ActiveCfg = Release|Any CPU
		{1AB5FE42-FF59-4F3F-8832-084ED9A3CFDE}.Release|Any CPU.Build.0 = Release|Any CPU
	EndGlobalSection
	GlobalSection(SolutionProperties) = preSolution
		HideSolutionNode = FALSE
	EndGlobalSection
	GlobalSection(ExtensibilityGlobals) = postSolution
		SolutionGuid = {57333835-8423-4500-AAEB-D34353969528}
	EndGlobalSection
EndGlobal
